
Microsoft Visual Studio Solution File, Format Version 12.00
# Visual Studio 14
VisualStudioVersion = 14.0.25123.0
MinimumVisualStudioVersion = 10.0.40219.1
Project("{FAE04EC0-301F-11D3-BF4B-00C04F79EFBC}") = "ExchangeRateUpdater.Api", "src\ExchangeRateUpdater.Api\ExchangeRateUpdater.Api.csproj", "{24FD0841-D796-4953-A583-773A6FD11A01}"
EndProject
Project("{FAE04EC0-301F-11D3-BF4B-00C04F79EFBC}") = "ExchangeRateUpdater.Api.Tests", "tests\ExchangeRateUpdater.Api.Tests\ExchangeRateUpdater.Api.Tests.csproj", "{128355E8-210A-4942-92F9-7AC7EEE07118}"
EndProject
Global
	GlobalSection(SolutionConfigurationPlatforms) = preSolution
		Debug|Any CPU = Debug|Any CPU
		Release|Any CPU = Release|Any CPU
	EndGlobalSection
	GlobalSection(ProjectConfigurationPlatforms) = postSolution
		{24FD0841-D796-4953-A583-773A6FD11A01}.Debug|Any CPU.ActiveCfg = Debug|Any CPU
		{24FD0841-D796-4953-A583-773A6FD11A01}.Debug|Any CPU.Build.0 = Debug|Any CPU
		{24FD0841-D796-4953-A583-773A6FD11A01}.Release|Any CPU.ActiveCfg = Release|Any CPU
		{24FD0841-D796-4953-A583-773A6FD11A01}.Release|Any CPU.Build.0 = Release|Any CPU
		{128355E8-210A-4942-92F9-7AC7EEE07118}.Debug|Any CPU.ActiveCfg = Debug|Any CPU
		{128355E8-210A-4942-92F9-7AC7EEE07118}.Debug|Any CPU.Build.0 = Debug|Any CPU
		{128355E8-210A-4942-92F9-7AC7EEE07118}.Release|Any CPU.ActiveCfg = Release|Any CPU
		{128355E8-210A-4942-92F9-7AC7EEE07118}.Release|Any CPU.Build.0 = Release|Any CPU
	EndGlobalSection
	GlobalSection(SolutionProperties) = preSolution
		HideSolutionNode = FALSE
	EndGlobalSection
EndGlobal
